
Microsoft Visual Studio Solution File, Format Version 12.00
# Visual Studio Version 16
VisualStudioVersion = 16.0.29911.84
MinimumVisualStudioVersion = 10.0.40219.1
Project("{9A19103F-16F7-4668-BE54-9A1E7A4F7556}") = "Space", "src\Space\Space.csproj", "{0721B403-2D10-43D7-B9BF-07329A98956C}"
EndProject
Project("{2150E333-8FDC-42A3-9474-1A3956D46DE8}") = "src", "src", "{77B3A402-B14B-43B4-BE28-43BC348F3979}"
EndProject
Project("{2150E333-8FDC-42A3-9474-1A3956D46DE8}") = "build", "build", "{5427A08A-7059-466B-84E7-D4BCDC253E6A}"
	ProjectSection(SolutionItems) = preProject
		build\dependencies.props = build\dependencies.props
	EndProjectSection
EndProject
Project("{2150E333-8FDC-42A3-9474-1A3956D46DE8}") = "test", "test", "{4ABDAB5E-8B75-4EC3-8782-C90CF802A0E5}"
EndProject
Project("{2150E333-8FDC-42A3-9474-1A3956D46DE8}") = "samples", "samples", "{04044ABB-7CFE-40E9-ACE2-7F00082198BF}"
EndProject
Project("{2150E333-8FDC-42A3-9474-1A3956D46DE8}") = "Space.Web", "Space.Web", "{E60687B2-039E-409F-B117-B70007F8B4DE}"
EndProject
Project("{9A19103F-16F7-4668-BE54-9A1E7A4F7556}") = "Space.Web.AspNetCore", "src\Space.Web.AspNetCore\Space.Web.AspNetCore.csproj", "{8A10068F-D31A-462C-AE2D-9AD5A40C5797}"
EndProject
Project("{9A19103F-16F7-4668-BE54-9A1E7A4F7556}") = "Space.Redis.Extensions.Core", "src\Space.Redis.Extensions.Core\Space.Redis.Extensions.Core.csproj", "{FCEC9B92-CBD7-496B-AEEE-52AE959A0AF4}"
EndProject
Project("{9A19103F-16F7-4668-BE54-9A1E7A4F7556}") = "Space.Redis.Extensions.AspNetCore", "src\Space.Redis.Extensions.AspNetCore\Space.Redis.Extensions.AspNetCore.csproj", "{C915A768-A1E1-44B9-8D4E-4B7A7BD0BBAB}"
EndProject
Project("{2150E333-8FDC-42A3-9474-1A3956D46DE8}") = "serializers", "serializers", "{8E6A2DA3-824C-422B-85E1-3DD8A53A282D}"
EndProject
Project("{9A19103F-16F7-4668-BE54-9A1E7A4F7556}") = "Space.Redis.Extensions.Newtonsoft", "src\Space.Redis.Extensions.Newtonsoft\Space.Redis.Extensions.Newtonsoft.csproj", "{65D3E2A2-08E7-4F2A-A53A-8CD11807B19B}"
EndProject
Project("{9A19103F-16F7-4668-BE54-9A1E7A4F7556}") = "Space.Redis.Extensions.Tests", "test\Space.Redis.Extensions.Tests\Space.Redis.Extensions.Tests.csproj", "{CD2CFA9F-F274-4649-BCEB-9FD7EA5F57B2}"
EndProject
Project("{9A19103F-16F7-4668-BE54-9A1E7A4F7556}") = "Space.Log4Net", "src\Space.Log4Net\Space.Log4Net.csproj", "{DF1CB42B-C802-47FE-9350-6FC5EEA40E6F}"
EndProject
Project("{2150E333-8FDC-42A3-9474-1A3956D46DE8}") = "web", "web", "{7AE6E275-79D4-4197-9E33-29CF12008490}"
EndProject
Project("{9A19103F-16F7-4668-BE54-9A1E7A4F7556}") = "Space.Redis", "src\Space.Redis\Space.Redis.csproj", "{41ECE4AE-0264-45D7-A356-8693E2ED6052}"
EndProject
Project("{9A19103F-16F7-4668-BE54-9A1E7A4F7556}") = "Space.ElasticSearch", "src\Space.Elasticsearch\Space.ElasticSearch.csproj", "{95711AF4-666F-4D12-BBBA-C2E093331AAD}"
EndProject
Project("{9A19103F-16F7-4668-BE54-9A1E7A4F7556}") = "Space.Web.Test", "test\Space.Web.Test\Space.Web.Test.csproj", "{717DB098-AA49-4266-98CF-192E0C934CEA}"
EndProject
Project("{9A19103F-16F7-4668-BE54-9A1E7A4F7556}") = "Space.HttpClient.Extensions", "src\Space.HttpClient.Extensions\Space.HttpClient.Extensions.csproj", "{03332637-87F3-4552-9752-6CA3CC4A2860}"
EndProject
Project("{9A19103F-16F7-4668-BE54-9A1E7A4F7556}") = "Space.Log4Net.CustomExtensions", "src\Space.Log4Net.CustomHttpPush\Space.Log4Net.CustomExtensions.csproj", "{99E58555-BFC8-476F-9A54-40FF556E1FAA}"
EndProject
Project("{9A19103F-16F7-4668-BE54-9A1E7A4F7556}") = "Space.Consul", "src\Space.Consul\Space.Consul.csproj", "{CFA1C036-903E-454A-AD81-FA66D0AAA46E}"
EndProject
Project("{9A19103F-16F7-4668-BE54-9A1E7A4F7556}") = "Space.DnsClient", "src\Space.DnsClient\Space.DnsClient.csproj", "{D71E7280-0218-4C15-88D1-FD1DB39BD4B2}"
EndProject
Project("{9A19103F-16F7-4668-BE54-9A1E7A4F7556}") = "Space.ElasticSearch.Tests", "test\Space.Elasticsearch.Tests\Space.ElasticSearch.Tests.csproj", "{B8A47991-2442-42D5-8479-F4D7B56980A3}"
EndProject
Project("{2150E333-8FDC-42A3-9474-1A3956D46DE8}") = "Redis", "Redis", "{C1FCC0F0-91B1-438F-975E-D2B8797A2A91}"
EndProject
Project("{9A19103F-16F7-4668-BE54-9A1E7A4F7556}") = "Space.Util", "src\Space.Util\Space.Util.csproj", "{E400A9EE-3C4F-4304-AF3E-9C274BEB0924}"
EndProject
Global
	GlobalSection(SolutionConfigurationPlatforms) = preSolution
		Debug|Any CPU = Debug|Any CPU
		Release|Any CPU = Release|Any CPU
	EndGlobalSection
	GlobalSection(ProjectConfigurationPlatforms) = postSolution
		{0721B403-2D10-43D7-B9BF-07329A98956C}.Debug|Any CPU.ActiveCfg = Debug|Any CPU
		{0721B403-2D10-43D7-B9BF-07329A98956C}.Debug|Any CPU.Build.0 = Debug|Any CPU
		{0721B403-2D10-43D7-B9BF-07329A98956C}.Release|Any CPU.ActiveCfg = Release|Any CPU
		{0721B403-2D10-43D7-B9BF-07329A98956C}.Release|Any CPU.Build.0 = Release|Any CPU
		{8A10068F-D31A-462C-AE2D-9AD5A40C5797}.Debug|Any CPU.ActiveCfg = Debug|Any CPU
		{8A10068F-D31A-462C-AE2D-9AD5A40C5797}.Debug|Any CPU.Build.0 = Debug|Any CPU
		{8A10068F-D31A-462C-AE2D-9AD5A40C5797}.Release|Any CPU.ActiveCfg = Release|Any CPU
		{8A10068F-D31A-462C-AE2D-9AD5A40C5797}.Release|Any CPU.Build.0 = Release|Any CPU
		{FCEC9B92-CBD7-496B-AEEE-52AE959A0AF4}.Debug|Any CPU.ActiveCfg = Debug|Any CPU
		{FCEC9B92-CBD7-496B-AEEE-52AE959A0AF4}.Debug|Any CPU.Build.0 = Debug|Any CPU
		{FCEC9B92-CBD7-496B-AEEE-52AE959A0AF4}.Release|Any CPU.ActiveCfg = Release|Any CPU
		{FCEC9B92-CBD7-496B-AEEE-52AE959A0AF4}.Release|Any CPU.Build.0 = Release|Any CPU
		{C915A768-A1E1-44B9-8D4E-4B7A7BD0BBAB}.Debug|Any CPU.ActiveCfg = Debug|Any CPU
		{C915A768-A1E1-44B9-8D4E-4B7A7BD0BBAB}.Debug|Any CPU.Build.0 = Debug|Any CPU
		{C915A768-A1E1-44B9-8D4E-4B7A7BD0BBAB}.Release|Any CPU.ActiveCfg = Release|Any CPU
		{C915A768-A1E1-44B9-8D4E-4B7A7BD0BBAB}.Release|Any CPU.Build.0 = Release|Any CPU
		{65D3E2A2-08E7-4F2A-A53A-8CD11807B19B}.Debug|Any CPU.ActiveCfg = Debug|Any CPU
		{65D3E2A2-08E7-4F2A-A53A-8CD11807B19B}.Debug|Any CPU.Build.0 = Debug|Any CPU
		{65D3E2A2-08E7-4F2A-A53A-8CD11807B19B}.Release|Any CPU.ActiveCfg = Release|Any CPU
		{65D3E2A2-08E7-4F2A-A53A-8CD11807B19B}.Release|Any CPU.Build.0 = Release|Any CPU
		{CD2CFA9F-F274-4649-BCEB-9FD7EA5F57B2}.Debug|Any CPU.ActiveCfg = Debug|Any CPU
		{CD2CFA9F-F274-4649-BCEB-9FD7EA5F57B2}.Debug|Any CPU.Build.0 = Debug|Any CPU
		{CD2CFA9F-F274-4649-BCEB-9FD7EA5F57B2}.Release|Any CPU.ActiveCfg = Release|Any CPU
		{CD2CFA9F-F274-4649-BCEB-9FD7EA5F57B2}.Release|Any CPU.Build.0 = Release|Any CPU
		{DF1CB42B-C802-47FE-9350-6FC5EEA40E6F}.Debug|Any CPU.ActiveCfg = Debug|Any CPU
		{DF1CB42B-C802-47FE-9350-6FC5EEA40E6F}.Debug|Any CPU.Build.0 = Debug|Any CPU
		{DF1CB42B-C802-47FE-9350-6FC5EEA40E6F}.Release|Any CPU.ActiveCfg = Release|Any CPU
		{DF1CB42B-C802-47FE-9350-6FC5EEA40E6F}.Release|Any CPU.Build.0 = Release|Any CPU
		{41ECE4AE-0264-45D7-A356-8693E2ED6052}.Debug|Any CPU.ActiveCfg = Debug|Any CPU
		{41ECE4AE-0264-45D7-A356-8693E2ED6052}.Debug|Any CPU.Build.0 = Debug|Any CPU
		{41ECE4AE-0264-45D7-A356-8693E2ED6052}.Release|Any CPU.ActiveCfg = Release|Any CPU
		{41ECE4AE-0264-45D7-A356-8693E2ED6052}.Release|Any CPU.Build.0 = Release|Any CPU
		{95711AF4-666F-4D12-BBBA-C2E093331AAD}.Debug|Any CPU.ActiveCfg = Debug|Any CPU
		{95711AF4-666F-4D12-BBBA-C2E093331AAD}.Debug|Any CPU.Build.0 = Debug|Any CPU
		{95711AF4-666F-4D12-BBBA-C2E093331AAD}.Release|Any CPU.ActiveCfg = Release|Any CPU
		{95711AF4-666F-4D12-BBBA-C2E093331AAD}.Release|Any CPU.Build.0 = Release|Any CPU
		{717DB098-AA49-4266-98CF-192E0C934CEA}.Debug|Any CPU.ActiveCfg = Debug|Any CPU
		{717DB098-AA49-4266-98CF-192E0C934CEA}.Debug|Any CPU.Build.0 = Debug|Any CPU
		{717DB098-AA49-4266-98CF-192E0C934CEA}.Release|Any CPU.ActiveCfg = Release|Any CPU
		{717DB098-AA49-4266-98CF-192E0C934CEA}.Release|Any CPU.Build.0 = Release|Any CPU
		{03332637-87F3-4552-9752-6CA3CC4A2860}.Debug|Any CPU.ActiveCfg = Debug|Any CPU
		{03332637-87F3-4552-9752-6CA3CC4A2860}.Debug|Any CPU.Build.0 = Debug|Any CPU
		{03332637-87F3-4552-9752-6CA3CC4A2860}.Release|Any CPU.ActiveCfg = Release|Any CPU
		{03332637-87F3-4552-9752-6CA3CC4A2860}.Release|Any CPU.Build.0 = Release|Any CPU
		{99E58555-BFC8-476F-9A54-40FF556E1FAA}.Debug|Any CPU.ActiveCfg = Debug|Any CPU
		{99E58555-BFC8-476F-9A54-40FF556E1FAA}.Debug|Any CPU.Build.0 = Debug|Any CPU
		{99E58555-BFC8-476F-9A54-40FF556E1FAA}.Release|Any CPU.ActiveCfg = Release|Any CPU
		{99E58555-BFC8-476F-9A54-40FF556E1FAA}.Release|Any CPU.Build.0 = Release|Any CPU
		{CFA1C036-903E-454A-AD81-FA66D0AAA46E}.Debug|Any CPU.ActiveCfg = Debug|Any CPU
		{CFA1C036-903E-454A-AD81-FA66D0AAA46E}.Debug|Any CPU.Build.0 = Debug|Any CPU
		{CFA1C036-903E-454A-AD81-FA66D0AAA46E}.Release|Any CPU.ActiveCfg = Release|Any CPU
		{CFA1C036-903E-454A-AD81-FA66D0AAA46E}.Release|Any CPU.Build.0 = Release|Any CPU
		{D71E7280-0218-4C15-88D1-FD1DB39BD4B2}.Debug|Any CPU.ActiveCfg = Debug|Any CPU
		{D71E7280-0218-4C15-88D1-FD1DB39BD4B2}.Debug|Any CPU.Build.0 = Debug|Any CPU
		{D71E7280-0218-4C15-88D1-FD1DB39BD4B2}.Release|Any CPU.ActiveCfg = Release|Any CPU
		{D71E7280-0218-4C15-88D1-FD1DB39BD4B2}.Release|Any CPU.Build.0 = Release|Any CPU
		{B8A47991-2442-42D5-8479-F4D7B56980A3}.Debug|Any CPU.ActiveCfg = Debug|Any CPU
		{B8A47991-2442-42D5-8479-F4D7B56980A3}.Debug|Any CPU.Build.0 = Debug|Any CPU
		{B8A47991-2442-42D5-8479-F4D7B56980A3}.Release|Any CPU.ActiveCfg = Release|Any CPU
		{B8A47991-2442-42D5-8479-F4D7B56980A3}.Release|Any CPU.Build.0 = Release|Any CPU
		{E400A9EE-3C4F-4304-AF3E-9C274BEB0924}.Debug|Any CPU.ActiveCfg = Debug|Any CPU
		{E400A9EE-3C4F-4304-AF3E-9C274BEB0924}.Debug|Any CPU.Build.0 = Debug|Any CPU
		{E400A9EE-3C4F-4304-AF3E-9C274BEB0924}.Release|Any CPU.ActiveCfg = Release|Any CPU
		{E400A9EE-3C4F-4304-AF3E-9C274BEB0924}.Release|Any CPU.Build.0 = Release|Any CPU
	EndGlobalSection
	GlobalSection(SolutionProperties) = preSolution
		HideSolutionNode = FALSE
	EndGlobalSection
	GlobalSection(NestedProjects) = preSolution
		{0721B403-2D10-43D7-B9BF-07329A98956C} = {77B3A402-B14B-43B4-BE28-43BC348F3979}
		{E60687B2-039E-409F-B117-B70007F8B4DE} = {77B3A402-B14B-43B4-BE28-43BC348F3979}
		{8A10068F-D31A-462C-AE2D-9AD5A40C5797} = {E60687B2-039E-409F-B117-B70007F8B4DE}
		{FCEC9B92-CBD7-496B-AEEE-52AE959A0AF4} = {C1FCC0F0-91B1-438F-975E-D2B8797A2A91}
		{C915A768-A1E1-44B9-8D4E-4B7A7BD0BBAB} = {C1FCC0F0-91B1-438F-975E-D2B8797A2A91}
		{8E6A2DA3-824C-422B-85E1-3DD8A53A282D} = {77B3A402-B14B-43B4-BE28-43BC348F3979}
		{65D3E2A2-08E7-4F2A-A53A-8CD11807B19B} = {8E6A2DA3-824C-422B-85E1-3DD8A53A282D}
		{CD2CFA9F-F274-4649-BCEB-9FD7EA5F57B2} = {4ABDAB5E-8B75-4EC3-8782-C90CF802A0E5}
		{DF1CB42B-C802-47FE-9350-6FC5EEA40E6F} = {77B3A402-B14B-43B4-BE28-43BC348F3979}
		{7AE6E275-79D4-4197-9E33-29CF12008490} = {4ABDAB5E-8B75-4EC3-8782-C90CF802A0E5}
		{41ECE4AE-0264-45D7-A356-8693E2ED6052} = {C1FCC0F0-91B1-438F-975E-D2B8797A2A91}
		{95711AF4-666F-4D12-BBBA-C2E093331AAD} = {77B3A402-B14B-43B4-BE28-43BC348F3979}
		{717DB098-AA49-4266-98CF-192E0C934CEA} = {7AE6E275-79D4-4197-9E33-29CF12008490}
		{03332637-87F3-4552-9752-6CA3CC4A2860} = {77B3A402-B14B-43B4-BE28-43BC348F3979}
		{99E58555-BFC8-476F-9A54-40FF556E1FAA} = {77B3A402-B14B-43B4-BE28-43BC348F3979}
		{CFA1C036-903E-454A-AD81-FA66D0AAA46E} = {77B3A402-B14B-43B4-BE28-43BC348F3979}
		{D71E7280-0218-4C15-88D1-FD1DB39BD4B2} = {77B3A402-B14B-43B4-BE28-43BC348F3979}
		{B8A47991-2442-42D5-8479-F4D7B56980A3} = {4ABDAB5E-8B75-4EC3-8782-C90CF802A0E5}
		{C1FCC0F0-91B1-438F-975E-D2B8797A2A91} = {77B3A402-B14B-43B4-BE28-43BC348F3979}
		{E400A9EE-3C4F-4304-AF3E-9C274BEB0924} = {77B3A402-B14B-43B4-BE28-43BC348F3979}
	EndGlobalSection
	GlobalSection(ExtensibilityGlobals) = postSolution
		SolutionGuid = {DD8BCF2C-FF99-4972-80B1-D7C1D9623CD1}
	EndGlobalSection
EndGlobal
